{
  "version": 4,
  "terraform_version": "1.8.5",
  "serial": 3,
  "lineage": "24510589-2144-7054-a290-4471fe11826a",
  "outputs": {
    "ec2_public_ip": {
      "value": "47.129.34.7",
      "type": "string"
    }
  },
  "resources": [
    {
      "mode": "managed",
      "type": "aws_instance",
      "name": "jenkins",
      "provider": "provider[\"registry.terraform.io/hashicorp/aws\"]",
      "instances": [
        {
          "schema_version": 1,
          "attributes": {
            "ami": "ami-0497a974f8d5dcef8",
            "arn": "arn:aws:ec2:ap-southeast-1:957290694729:instance/i-012d6e761247dbb10",
            "associate_public_ip_address": true,
            "availability_zone": "ap-southeast-1a",
            "capacity_reservation_specification": [
              {
                "capacity_reservation_preference": "open",
                "capacity_reservation_target": []
              }
            ],
            "cpu_core_count": 2,
            "cpu_options": [
              {
                "amd_sev_snp": "",
                "core_count": 2,
                "threads_per_core": 1
              }
            ],
            "cpu_threads_per_core": 1,
            "credit_specification": [
              {
                "cpu_credits": "standard"
              }
            ],
            "disable_api_stop": false,
            "disable_api_termination": false,
            "ebs_block_device": [],
            "ebs_optimized": false,
            "enclave_options": [
              {
                "enabled": false
              }
            ],
            "ephemeral_block_device": [],
            "get_password_data": false,
            "hibernation": false,
            "host_id": "",
            "host_resource_group_arn": null,
            "iam_instance_profile": "",
            "id": "i-012d6e761247dbb10",
            "instance_initiated_shutdown_behavior": "stop",
            "instance_lifecycle": "",
            "instance_market_options": [],
            "instance_state": "running",
            "instance_type": "t2.large",
            "ipv6_address_count": 0,
            "ipv6_addresses": [],
            "key_name": "",
            "launch_template": [],
            "maintenance_options": [
              {
                "auto_recovery": "default"
              }
            ],
            "metadata_options": [
              {
                "http_endpoint": "enabled",
                "http_protocol_ipv6": "disabled",
                "http_put_response_hop_limit": 1,
                "http_tokens": "optional",
                "instance_metadata_tags": "disabled"
              }
            ],
            "monitoring": false,
            "network_interface": [],
            "outpost_arn": "",
            "password_data": "",
            "placement_group": "",
            "placement_partition_number": 0,
            "primary_network_interface_id": "eni-0adc134eab0baba68",
            "private_dns": "ip-10-0-1-181.ap-southeast-1.compute.internal",
            "private_dns_name_options": [
              {
                "enable_resource_name_dns_a_record": false,
                "enable_resource_name_dns_aaaa_record": false,
                "hostname_type": "ip-name"
              }
            ],
            "private_ip": "10.0.1.181",
            "public_dns": "ec2-47-129-34-7.ap-southeast-1.compute.amazonaws.com",
            "public_ip": "47.129.34.7",
            "root_block_device": [
              {
                "delete_on_termination": true,
                "device_name": "/dev/sda1",
                "encrypted": false,
                "iops": 100,
                "kms_key_id": "",
                "tags": null,
                "tags_all": {},
                "throughput": 0,
                "volume_id": "vol-0f218da9c60691593",
                "volume_size": 20,
                "volume_type": "gp2"
              }
            ],
            "secondary_private_ips": [],
            "security_groups": [
              "sg-00467812237ecf509"
            ],
            "source_dest_check": true,
            "spot_instance_request_id": "",
            "subnet_id": "subnet-074087e9ecf20fb88",
            "tags": {
              "Name": "jenkins"
            },
            "tags_all": {
              "Name": "jenkins"
            },
            "tenancy": "default",
            "timeouts": null,
            "user_data": null,
            "user_data_base64": null,
            "user_data_replace_on_change": false,
            "volume_tags": null,
            "vpc_security_group_ids": [
              "sg-00467812237ecf509"
            ]
          },
          "sensitive_attributes": [],
          "private": "eyJlMmJmYjczMC1lY2FhLTExZTYtOGY4OC0zNDM2M2JjN2M0YzAiOnsiY3JlYXRlIjo2MDAwMDAwMDAwMDAsImRlbGV0ZSI6MTIwMDAwMDAwMDAwMCwicmVhZCI6OTAwMDAwMDAwMDAwLCJ1cGRhdGUiOjYwMDAwMDAwMDAwMH0sInNjaGVtYV92ZXJzaW9uIjoiMSJ9",
          "dependencies": [
            "aws_key_pair.jenkins"
          ]
        }
      ]
    },
    {
      "mode": "managed",
      "type": "aws_key_pair",
      "name": "jenkins",
      "provider": "provider[\"registry.terraform.io/hashicorp/aws\"]",
      "instances": [
        {
          "schema_version": 1,
          "attributes": {
            "arn": "arn:aws:ec2:ap-southeast-1:957290694729:key-pair/jenkins-key",
            "fingerprint": "a2:5c:e5:c0:3c:51:4e:f9:9f:fe:2b:91:1e:ff:21:1d",
            "id": "jenkins-key",
            "key_name": "jenkins-key",
            "key_name_prefix": "",
            "key_pair_id": "key-050427159d96f9259",
            "key_type": "rsa",
            "public_key": "ssh-rsa AAAAB3NzaC1yc2EAAAADAQABAAABgQDESJThF/NiZWzzSY/idM7AHXKaEVgJ0OXVWBPDyLHsB+x8gsMYn128n43LMdAU1I1/OKJKpIIyEH6YlfTIWZIhCDQDA/+9cmsgh7pJypIDlfg2+yyd/XHMzdywtTzwK2R8IzKy6fyIvtuR5KDYgqZiP5i+r7+o9+Njwa541X9o1+bUBm0Ek+er75g8slk75hwSxrd6fB+WxBNLS11VNzf4EkZM1yAEbzn7KiFGCXkPDZKBBLI0g/QBRrPtnsAYXSK9iVTxL/hE47BLxEY/NpiSkr719JfQBL+Y4UaDoTQVSc2WGyILL1mc6t+6SrXpG0oq/SqpZciCrLZMt2CN8E9RfmT8Z+cjrsJpLSIkVB2pI7cPHKtdBRoR4hT084I7WGIlzheex37dlgO6aesEU7XNtGp6z9KR3zEwCOi1pWD/mCp9cQtxTLrJOtxOHTUL/gCKurqHiqp5lZ2OOywKpix8rkR/ahLRay0Vasf4DyEVRjHDaE/R+LTRdhm1zTC9mn0= administrator@Win10-2023PPSOW",
            "tags": null,
            "tags_all": {}
          },
          "sensitive_attributes": [],
          "private": "eyJzY2hlbWFfdmVyc2lvbiI6IjEifQ=="
        }
      ]
    }
  ],
  "check_results": null
}
